<?xml version="1.0" encoding="utf-8"?>
<Project ToolsVersion="4.0" xmlns="http://schemas.microsoft.com/developer/msbuild/2003">
  <ItemGroup>
    <Filter Include="cpp">
      <UniqueIdentifier>{5e414fab-c3b6-4294-81d5-d039e00b05fa}</UniqueIdentifier>
    </Filter>
    <Filter Include="dxlibex">
      <UniqueIdentifier>{def64e83-5341-4a94-aa83-cef7cdbc8855}</UniqueIdentifier>
    </Filter>
    <Filter Include="dxlibex\config">
      <UniqueIdentifier>{4d4d9eb2-6fae-4381-a30b-7d0e5c437cf2}</UniqueIdentifier>
    </Filter>
    <Filter Include="dxlibex\config\compiler">
      <UniqueIdentifier>{9bd26de5-52ad-4f66-9afa-1574f358af95}</UniqueIdentifier>
    </Filter>
    <Filter Include="dxlibex\basic_types">
      <UniqueIdentifier>{b2723ad7-7dfe-4f8d-be2a-d28baa2af898}</UniqueIdentifier>
    </Filter>
    <Filter Include="dxlibex\type_traits">
      <UniqueIdentifier>{51fd1766-6630-4b10-9e80-7e1c7fef477a}</UniqueIdentifier>
    </Filter>
    <Filter Include="dxlibex\algorithm">
      <UniqueIdentifier>{49a04db0-aeb9-4a04-9734-5d7bf6b894ec}</UniqueIdentifier>
    </Filter>
    <Filter Include="dxlibex\cstdlib">
      <UniqueIdentifier>{f51f303c-3ab0-4966-ba0c-614871221b6d}</UniqueIdentifier>
    </Filter>
    <Filter Include="dxlibex\math">
      <UniqueIdentifier>{29c3d5e2-1263-40c2-ae45-667a8df7510c}</UniqueIdentifier>
    </Filter>
    <Filter Include="dxlibex\texture">
      <UniqueIdentifier>{2117949f-e6b2-474c-ba2f-6da8b8d5c592}</UniqueIdentifier>
    </Filter>
  </ItemGroup>
  <ItemGroup>
    <ClCompile Include="ProjectDxLibEx\Graph2D.cpp">
      <Filter>cpp</Filter>
    </ClCompile>
  </ItemGroup>
  <ItemGroup>
    <ClInclude Include="dxlibex\basic_types.hpp">
      <Filter>dxlibex</Filter>
    </ClInclude>
    <ClInclude Include="dxlibex\DxLibEx.h">
      <Filter>dxlibex</Filter>
    </ClInclude>
    <ClInclude Include="dxlibex\Graph2D.h">
      <Filter>dxlibex</Filter>
    </ClInclude>
    <ClInclude Include="dxlibex\Helper.h">
      <Filter>dxlibex</Filter>
    </ClInclude>
    <ClInclude Include="dxlibex\impl.hpp">
      <Filter>dxlibex</Filter>
    </ClInclude>
    <ClInclude Include="dxlibex\structs.h">
      <Filter>dxlibex</Filter>
    </ClInclude>
    <ClInclude Include="dxlibex\thread.h">
      <Filter>dxlibex</Filter>
    </ClInclude>
    <ClInclude Include="dxlibex\config\LINK.h">
      <Filter>dxlibex\config</Filter>
    </ClInclude>
    <ClInclude Include="dxlibex\DxLibWrap.h">
      <Filter>dxlibex</Filter>
    </ClInclude>
    <ClInclude Include="dxlibex\config\defines.h">
      <Filter>dxlibex\config</Filter>
    </ClInclude>
    <ClInclude Include="dxlibex\config\compiler\clang.hpp">
      <Filter>dxlibex\config\compiler</Filter>
    </ClInclude>
    <ClInclude Include="dxlibex\config\compiler\common_edg.hpp">
      <Filter>dxlibex\config\compiler</Filter>
    </ClInclude>
    <ClInclude Include="dxlibex\config\compiler\gcc.hpp">
      <Filter>dxlibex\config\compiler</Filter>
    </ClInclude>
    <ClInclude Include="dxlibex\config\compiler\intel.hpp">
      <Filter>dxlibex\config\compiler</Filter>
    </ClInclude>
    <ClInclude Include="dxlibex\config\compiler\visualc.hpp">
      <Filter>dxlibex\config\compiler</Filter>
    </ClInclude>
    <ClInclude Include="dxlibex\config\compiler.hpp">
      <Filter>dxlibex\config</Filter>
    </ClInclude>
    <ClInclude Include="dxlibex\config\suffix.hpp">
      <Filter>dxlibex\config</Filter>
    </ClInclude>
    <ClInclude Include="dxlibex\config\no_min_max.h">
      <Filter>dxlibex\config</Filter>
    </ClInclude>
    <ClInclude Include="dxlibex\Color.hpp">
      <Filter>dxlibex</Filter>
    </ClInclude>
    <ClInclude Include="dxlibex\basic_types\use_big_type_when_one_byte_t.hpp">
      <Filter>dxlibex\basic_types</Filter>
    </ClInclude>
    <ClInclude Include="dxlibex\basic_types\point2d.hpp">
      <Filter>dxlibex\basic_types</Filter>
    </ClInclude>
    <ClInclude Include="dxlibex\basic_types\point3d.hpp">
      <Filter>dxlibex\basic_types</Filter>
    </ClInclude>
    <ClInclude Include="dxlibex\basic_types\size.hpp">
      <Filter>dxlibex\basic_types</Filter>
    </ClInclude>
    <ClInclude Include="dxlibex\type_traits\enable_if.hpp">
      <Filter>dxlibex\type_traits</Filter>
    </ClInclude>
    <ClInclude Include="dxlibex\type_traits\first_enabled.hpp">
      <Filter>dxlibex\type_traits</Filter>
    </ClInclude>
    <ClInclude Include="dxlibex\algorithm\safe_dist.hpp">
      <Filter>dxlibex\algorithm</Filter>
    </ClInclude>
    <ClInclude Include="dxlibex\type_traits\ignore.hpp">
      <Filter>dxlibex\type_traits</Filter>
    </ClInclude>
    <ClInclude Include="dxlibex\cstdlib.hpp">
      <Filter>dxlibex</Filter>
    </ClInclude>
    <ClInclude Include="dxlibex\math.hpp">
      <Filter>dxlibex</Filter>
    </ClInclude>
    <ClInclude Include="dxlibex\type_traits.hpp">
      <Filter>dxlibex</Filter>
    </ClInclude>
    <ClInclude Include="dxlibex\cstdlib\abs.hpp">
      <Filter>dxlibex\cstdlib</Filter>
    </ClInclude>
    <ClInclude Include="dxlibex\math\abs.hpp">
      <Filter>dxlibex\math</Filter>
    </ClInclude>
    <ClInclude Include="dxlibex\math\copysign.hpp">
      <Filter>dxlibex\math</Filter>
    </ClInclude>
    <ClInclude Include="dxlibex\math\fabs.hpp">
      <Filter>dxlibex\math</Filter>
    </ClInclude>
    <ClInclude Include="dxlibex\math\hypot.hpp">
      <Filter>dxlibex\math</Filter>
    </ClInclude>
    <ClInclude Include="dxlibex\math\isnan.hpp">
      <Filter>dxlibex\math</Filter>
    </ClInclude>
    <ClInclude Include="dxlibex\algorithm.hpp">
      <Filter>dxlibex</Filter>
    </ClInclude>
    <ClInclude Include="dxlibex\algorithm\cast_if.hpp">
      <Filter>dxlibex\algorithm</Filter>
    </ClInclude>
    <ClInclude Include="dxlibex\type_traits\is_nothrow.hpp">
      <Filter>dxlibex\type_traits</Filter>
    </ClInclude>
    <ClInclude Include="dxlibex\type_traits\is_castable.hpp">
      <Filter>dxlibex\type_traits</Filter>
    </ClInclude>
    <ClInclude Include="dxlibex\type_traits\is_well_format.hpp">
      <Filter>dxlibex\type_traits</Filter>
    </ClInclude>
    <ClInclude Include="dxlibex\type_traits\common_type.hpp">
      <Filter>dxlibex\type_traits</Filter>
    </ClInclude>
    <ClInclude Include="dxlibex\type_traits\float_promote.hpp">
      <Filter>dxlibex\type_traits</Filter>
    </ClInclude>
    <ClInclude Include="dxlibex\type_traits\is_representable.hpp">
      <Filter>dxlibex\type_traits</Filter>
    </ClInclude>
    <ClInclude Include="dxlibex\basic_types\coordinate_operator_bool_helper.hpp">
      <Filter>dxlibex\basic_types</Filter>
    </ClInclude>
    <ClInclude Include="dxlibex\basic_types\distance_result_type_t.hpp">
      <Filter>dxlibex\basic_types</Filter>
    </ClInclude>
    <ClInclude Include="dxlibex\basic_types\stdint.hpp">
      <Filter>dxlibex\basic_types</Filter>
    </ClInclude>
    <ClInclude Include="dxlibex\basic_types\tchar.hpp">
      <Filter>dxlibex\basic_types</Filter>
    </ClInclude>
    <ClInclude Include="dxlibex\Sound.h">
      <Filter>dxlibex</Filter>
    </ClInclude>
    <ClInclude Include="dxlibex\texture\prototype2d.h">
      <Filter>dxlibex\texture</Filter>
    </ClInclude>
    <ClInclude Include="dxlibex\texture\texture2d.h">
      <Filter>dxlibex\texture</Filter>
    </ClInclude>
    <ClInclude Include="dxlibex\texture\texture2d.hpp">
      <Filter>dxlibex\texture</Filter>
    </ClInclude>
    <ClInclude Include="dxlibex\texture\texture2d_handle_manager.hpp">
      <Filter>dxlibex\texture</Filter>
    </ClInclude>
    <ClInclude Include="dxlibex\texture\animation_graph.h">
      <Filter>dxlibex\texture</Filter>
    </ClInclude>
    <ClInclude Include="dxlibex\dxle_time.h">
      <Filter>dxlibex</Filter>
    </ClInclude>
  </ItemGroup>
</Project>